
Microsoft Visual Studio Solution File, Format Version 12.00
# Visual Studio Version 17
VisualStudioVersion = 17.9.34728.123
MinimumVisualStudioVersion = 10.0.40219.1
Project("{FAE04EC0-301F-11D3-BF4B-00C04F79EFBC}") = "InventoryManegmentSystem3", "InventoryManegmentSystem3.csproj", "{B415D7C2-9D06-493C-BD59-D9C948FEE3CA}"
EndProject
Global
	GlobalSection(SolutionConfigurationPlatforms) = preSolution
		Debug|Any CPU = Debug|Any CPU
		Release|Any CPU = Release|Any CPU
	EndGlobalSection
	GlobalSection(ProjectConfigurationPlatforms) = postSolution
		{B415D7C2-9D06-493C-BD59-D9C948FEE3CA}.Debug|Any CPU.ActiveCfg = Debug|Any CPU
		{B415D7C2-9D06-493C-BD59-D9C948FEE3CA}.Debug|Any CPU.Build.0 = Debug|Any CPU
		{B415D7C2-9D06-493C-BD59-D9C948FEE3CA}.Release|Any CPU.ActiveCfg = Release|Any CPU
		{B415D7C2-9D06-493C-BD59-D9C948FEE3CA}.Release|Any CPU.Build.0 = Release|Any CPU
	EndGlobalSection
	GlobalSection(SolutionProperties) = preSolution
		HideSolutionNode = FALSE
	EndGlobalSection
	GlobalSection(ExtensibilityGlobals) = postSolution
		SolutionGuid = {446E72C4-08BD-402E-9E61-31CA019302D8}
	EndGlobalSection
EndGlobal
